// !$*UTF8*$!
{
	archiveVersion = 1;
	classes = {
	};
	objectVersion = 46;
	objects = {

/* Begin PBXBuildFile section */
		724B668B1B0A80D100017A41 /* AppDelegate.swift in Sources */ = {isa = PBXBuildFile; fileRef = 724B668A1B0A80D100017A41 /* AppDelegate.swift */; };
		724B668D1B0A80D100017A41 /* ViewController.swift in Sources */ = {isa = PBXBuildFile; fileRef = 724B668C1B0A80D100017A41 /* ViewController.swift */; };
		724B668F1B0A80D100017A41 /* Images.xcassets in Resources */ = {isa = PBXBuildFile; fileRef = 724B668E1B0A80D100017A41 /* Images.xcassets */; };
		724B66921B0A80D100017A41 /* Main.storyboard in Resources */ = {isa = PBXBuildFile; fileRef = 724B66901B0A80D100017A41 /* Main.storyboard */; };
		724B669E1B0A80D100017A41 /* LottoTests.swift in Sources */ = {isa = PBXBuildFile; fileRef = 724B669D1B0A80D100017A41 /* LottoTests.swift */; };
		724B66AC1B0A835800017A41 /* manu.swift in Sources */ = {isa = PBXBuildFile; fileRef = 724B66AB1B0A835800017A41 /* manu.swift */; };
		724B66AE1B0A86B500017A41 /* auto.swift in Sources */ = {isa = PBXBuildFile; fileRef = 724B66AD1B0A86B500017A41 /* auto.swift */; };
/* End PBXBuildFile section */

/* Begin PBXContainerItemProxy section */
		724B66981B0A80D100017A41 /* PBXContainerItemProxy */ = {
			isa = PBXContainerItemProxy;
			containerPortal = 724B667D1B0A80D100017A41 /* Project object */;
			proxyType = 1;
			remoteGlobalIDString = 724B66841B0A80D100017A41;
			remoteInfo = Lotto;
		};
/* End PBXContainerItemProxy section */

/* Begin PBXFileReference section */
		724B66851B0A80D100017A41 /* Lotto.app */ = {isa = PBXFileReference; explicitFileType = wrapper.application; includeInIndex = 0; path = Lotto.app; sourceTree = BUILT_PRODUCTS_DIR; };
		724B66891B0A80D100017A41 /* Info.plist */ = {isa = PBXFileReference; lastKnownFileType = text.plist.xml; path = Info.plist; sourceTree = "<group>"; };
		724B668A1B0A80D100017A41 /* AppDelegate.swift */ = {isa = PBXFileReference; lastKnownFileType = sourcecode.swift; path = AppDelegate.swift; sourceTree = "<group>"; };
		724B668C1B0A80D100017A41 /* ViewController.swift */ = {isa = PBXFileReference; lastKnownFileType = sourcecode.swift; path = ViewController.swift; sourceTree = "<group>"; };
		724B668E1B0A80D100017A41 /* Images.xcassets */ = {isa = PBXFileReference; lastKnownFileType = folder.assetcatalog; path = Images.xcassets; sourceTree = "<group>"; };
		724B66911B0A80D100017A41 /* Base */ = {isa = PBXFileReference; lastKnownFileType = file.storyboard; name = Base; path = Base.lproj/Main.storyboard; sourceTree = "<group>"; };
		724B66971B0A80D100017A41 /* LottoTests.xctest */ = {isa = PBXFileReference; explicitFileType = wrapper.cfbundle; includeInIndex = 0; path = LottoTests.xctest; sourceTree = BUILT_PRODUCTS_DIR; };
		724B669C1B0A80D100017A41 /* Info.plist */ = {isa = PBXFileReference; lastKnownFileType = text.plist.xml; path = Info.plist; sourceTree = "<group>"; };
		724B669D1B0A80D100017A41 /* LottoTests.swift */ = {isa = PBXFileReference; lastKnownFileType = sourcecode.swift; path = LottoTests.swift; sourceTree = "<group>"; };
		724B66AB1B0A835800017A41 /* manu.swift */ = {isa = PBXFileReference; fileEncoding = 4; lastKnownFileType = sourcecode.swift; path = manu.swift; sourceTree = "<group>"; };
		724B66AD1B0A86B500017A41 /* auto.swift */ = {isa = PBXFileReference; fileEncoding = 4; lastKnownFileType = sourcecode.swift; path = auto.swift; sourceTree = "<group>"; };
/* End PBXFileReference section */

/* Begin PBXFrameworksBuildPhase section */
		724B66821B0A80D100017A41 /* Frameworks */ = {
			isa = PBXFrameworksBuildPhase;
			buildActionMask = 2147483647;
			files = (
			);
			runOnlyForDeploymentPostprocessing = 0;
		};
		724B66941B0A80D100017A41 /* Frameworks */ = {
			isa = PBXFrameworksBuildPhase;
			buildActionMask = 2147483647;
			files = (
			);
			runOnlyForDeploymentPostprocessing = 0;
		};
/* End PBXFrameworksBuildPhase section */

/* Begin PBXGroup section */
		724B667C1B0A80D100017A41 = {
			isa = PBXGroup;
			children = (
				724B66871B0A80D100017A41 /* Lotto */,
				724B669A1B0A80D100017A41 /* LottoTests */,
				724B66861B0A80D100017A41 /* Products */,
			);
			sourceTree = "<group>";
		};
		724B66861B0A80D100017A41 /* Products */ = {
			isa = PBXGroup;
			children = (
				724B66851B0A80D100017A41 /* Lotto.app */,
				724B66971B0A80D100017A41 /* LottoTests.xctest */,
			);
			name = Products;
			sourceTree = "<group>";
		};
		724B66871B0A80D100017A41 /* Lotto */ = {
			isa = PBXGroup;
			children = (
				724B668A1B0A80D100017A41 /* AppDelegate.swift */,
				724B668C1B0A80D100017A41 /* ViewController.swift */,
				724B668E1B0A80D100017A41 /* Images.xcassets */,
				724B66901B0A80D100017A41 /* Main.storyboard */,
				724B66881B0A80D100017A41 /* Supporting Files */,
				724B66AB1B0A835800017A41 /* manu.swift */,
				724B66AD1B0A86B500017A41 /* auto.swift */,
			);
			path = Lotto;
			sourceTree = "<group>";
		};
		724B66881B0A80D100017A41 /* Supporting Files */ = {
			isa = PBXGroup;
			children = (
				724B66891B0A80D100017A41 /* Info.plist */,
			);
			name = "Supporting Files";
			sourceTree = "<group>";
		};
		724B669A1B0A80D100017A41 /* LottoTests */ = {
			isa = PBXGroup;
			children = (
				724B669D1B0A80D100017A41 /* LottoTests.swift */,
				724B669B1B0A80D100017A41 /* Supporting Files */,
			);
			path = LottoTests;
			sourceTree = "<group>";
		};
		724B669B1B0A80D100017A41 /* Supporting Files */ = {
			isa = PBXGroup;
			children = (
				724B669C1B0A80D100017A41 /* Info.plist */,
			);
			name = "Supporting Files";
			sourceTree = "<group>";
		};
/* End PBXGroup section */

/* Begin PBXNativeTarget section */
		724B66841B0A80D100017A41 /* Lotto */ = {
			isa = PBXNativeTarget;
			buildConfigurationList = 724B66A11B0A80D100017A41 /* Build configuration list for PBXNativeTarget "Lotto" */;
			buildPhases = (
				724B66811B0A80D100017A41 /* Sources */,
				724B66821B0A80D100017A41 /* Frameworks */,
				724B66831B0A80D100017A41 /* Resources */,
			);
			buildRules = (
			);
			dependencies = (
			);
			name = Lotto;
			productName = Lotto;
			productReference = 724B66851B0A80D100017A41 /* Lotto.app */;
			productType = "com.apple.product-type.application";
		};
		724B66961B0A80D100017A41 /* LottoTests */ = {
			isa = PBXNativeTarget;
			buildConfigurationList = 724B66A41B0A80D100017A41 /* Build configuration list for PBXNativeTarget "LottoTests" */;
			buildPhases = (
				724B66931B0A80D100017A41 /* Sources */,
				724B66941B0A80D100017A41 /* Frameworks */,
				724B66951B0A80D100017A41 /* Resources */,
			);
			buildRules = (
			);
			dependencies = (
				724B66991B0A80D100017A41 /* PBXTargetDependency */,
			);
			name = LottoTests;
			productName = LottoTests;
			productReference = 724B66971B0A80D100017A41 /* LottoTests.xctest */;
			productType = "com.apple.product-type.bundle.unit-test";
		};
/* End PBXNativeTarget section */

/* Begin PBXProject section */
		724B667D1B0A80D100017A41 /* Project object */ = {
			isa = PBXProject;
			attributes = {
				LastUpgradeCheck = 0630;
				ORGANIZATIONNAME = LOL;
				TargetAttributes = {
					724B66841B0A80D100017A41 = {
						CreatedOnToolsVersion = 6.3.1;
					};
					724B66961B0A80D100017A41 = {
						CreatedOnToolsVersion = 6.3.1;
						TestTargetID = 724B66841B0A80D100017A41;
					};
				};
			};
			buildConfigurationList = 724B66801B0A80D100017A41 /* Build configuration list for PBXProject "Lotto" */;
			compatibilityVersion = "Xcode 3.2";
			developmentRegion = English;
			hasScannedForEncodings = 0;
			knownRegions = (
				en,
				Base,
			);
			mainGroup = 724B667C1B0A80D100017A41;
			productRefGroup = 724B66861B0A80D100017A41 /* Products */;
			projectDirPath = "";
			projectRoot = "";
			targets = (
				724B66841B0A80D100017A41 /* Lotto */,
				724B66961B0A80D100017A41 /* LottoTests */,
			);
		};
/* End PBXProject section */

/* Begin PBXResourcesBuildPhase section */
		724B66831B0A80D100017A41 /* Resources */ = {
			isa = PBXResourcesBuildPhase;
			buildActionMask = 2147483647;
			files = (
				724B668F1B0A80D100017A41 /* Images.xcassets in Resources */,
				724B66921B0A80D100017A41 /* Main.storyboard in Resources */,
			);
			runOnlyForDeploymentPostprocessing = 0;
		};
		724B66951B0A80D100017A41 /* Resources */ = {
			isa = PBXResourcesBuildPhase;
			buildActionMask = 2147483647;
			files = (
			);
			runOnlyForDeploymentPostprocessing = 0;
		};
/* End PBXResourcesBuildPhase section */

/* Begin PBXSourcesBuildPhase section */
		724B66811B0A80D100017A41 /* Sources */ = {
			isa = PBXSourcesBuildPhase;
			buildActionMask = 2147483647;
			files = (
				724B668D1B0A80D100017A41 /* ViewController.swift in Sources */,
				724B668B1B0A80D100017A41 /* AppDelegate.swift in Sources */,
				724B66AE1B0A86B500017A41 /* auto.swift in Sources */,
				724B66AC1B0A835800017A41 /* manu.swift in Sources */,
			);
			runOnlyForDeploymentPostprocessing = 0;
		};
		724B66931B0A80D100017A41 /* Sources */ = {
			isa = PBXSourcesBuildPhase;
			buildActionMask = 2147483647;
			files = (
				724B669E1B0A80D100017A41 /* LottoTests.swift in Sources */,
			);
			runOnlyForDeploymentPostprocessing = 0;
		};
/* End PBXSourcesBuildPhase section */

/* Begin PBXTargetDependency section */
		724B66991B0A80D100017A41 /* PBXTargetDependency */ = {
			isa = PBXTargetDependency;
			target = 724B66841B0A80D100017A41 /* Lotto */;
			targetProxy = 724B66981B0A80D100017A41 /* PBXContainerItemProxy */;
		};
/* End PBXTargetDependency section */

/* Begin PBXVariantGroup section */
		724B66901B0A80D100017A41 /* Main.storyboard */ = {
			isa = PBXVariantGroup;
			children = (
				724B66911B0A80D100017A41 /* Base */,
			);
			name = Main.storyboard;
			sourceTree = "<group>";
		};
/* End PBXVariantGroup section */

/* Begin XCBuildConfiguration section */
		724B669F1B0A80D100017A41 /* Debug */ = {
			isa = XCBuildConfiguration;
			buildSettings = {
				ALWAYS_SEARCH_USER_PATHS = NO;
				CLANG_CXX_LANGUAGE_STANDARD = "gnu++0x";
				CLANG_CXX_LIBRARY = "libc++";
				CLANG_ENABLE_MODULES = YES;
				CLANG_ENABLE_OBJC_ARC = YES;
				CLANG_WARN_BOOL_CONVERSION = YES;
				CLANG_WARN_CONSTANT_CONVERSION = YES;
				CLANG_WARN_DIRECT_OBJC_ISA_USAGE = YES_ERROR;
				CLANG_WARN_EMPTY_BODY = YES;
				CLANG_WARN_ENUM_CONVERSION = YES;
				CLANG_WARN_INT_CONVERSION = YES;
				CLANG_WARN_OBJC_ROOT_CLASS = YES_ERROR;
				CLANG_WARN_UNREACHABLE_CODE = YES;
				CLANG_WARN__DUPLICATE_METHOD_MATCH = YES;
				CODE_SIGN_IDENTITY = "-";
				COPY_PHASE_STRIP = NO;
				DEBUG_INFORMATION_FORMAT = dwarf;
				ENABLE_STRICT_OBJC_MSGSEND = YES;
				GCC_C_LANGUAGE_STANDARD = gnu99;
				GCC_DYNAMIC_NO_PIC = NO;
				GCC_NO_COMMON_BLOCKS = YES;
				GCC_OPTIMIZATION_LEVEL = 0;
				GCC_PREPROCESSOR_DEFINITIONS = (
					"DEBUG=1",
					"$(inherited)",
				);
				GCC_SYMBOLS_PRIVATE_EXTERN = NO;
				GCC_WARN_64_TO_32_BIT_CONVERSION = YES;
				GCC_WARN_ABOUT_RETURN_TYPE = YES_ERROR;
				GCC_WARN_UNDECLARED_SELECTOR = YES;
				GCC_WARN_UNINITIALIZED_AUTOS = YES_AGGRESSIVE;
				GCC_WARN_UNUSED_FUNCTION = YES;
				GCC_WARN_UNUSED_VARIABLE = YES;
				MACOSX_DEPLOYMENT_TARGET = 10.10;
				MTL_ENABLE_DEBUG_INFO = YES;
				ONLY_ACTIVE_ARCH = YES;
				SDKROOT = macosx;
				SWIFT_OPTIMIZATION_LEVEL = "-Onone";
			};
			name = Debug;
		};
		724B66A01B0A80D100017A41 /* Release */ = {
			isa = XCBuildConfiguration;
			buildSettings = {
				ALWAYS_SEARCH_USER_PATHS = NO;
				CLANG_CXX_LANGUAGE_STANDARD = "gnu++0x";
				CLANG_CXX_LIBRARY = "libc++";
				CLANG_ENABLE_MODULES = YES;
				CLANG_ENABLE_OBJC_ARC = YES;
				CLANG_WARN_BOOL_CONVERSION = YES;
				CLANG_WARN_CONSTANT_CONVERSION = YES;
				CLANG_WARN_DIRECT_OBJC_ISA_USAGE = YES_ERROR;
				CLANG_WARN_EMPTY_BODY = YES;
				CLANG_WARN_ENUM_CONVERSION = YES;
				CLANG_WARN_INT_CONVERSION = YES;
				CLANG_WARN_OBJC_ROOT_CLASS = YES_ERROR;
				CLANG_WARN_UNREACHABLE_CODE = YES;
				CLANG_WARN__DUPLICATE_METHOD_MATCH = YES;
				CODE_SIGN_IDENTITY = "-";
				COPY_PHASE_STRIP = NO;
				DEBUG_INFORMATION_FORMAT = "dwarf-with-dsym";
				ENABLE_NS_ASSERTIONS = NO;
				ENABLE_STRICT_OBJC_MSGSEND = YES;
				GCC_C_LANGUAGE_STANDARD = gnu99;
				GCC_NO_COMMON_BLOCKS = YES;
				GCC_WARN_64_TO_32_BIT_CONVERSION = YES;
				GCC_WARN_ABOUT_RETURN_TYPE = YES_ERROR;
				GCC_WARN_UNDECLARED_SELECTOR = YES;
				GCC_WARN_UNINITIALIZED_AUTOS = YES_AGGRESSIVE;
				GCC_WARN_UNUSED_FUNCTION = YES;
				GCC_WARN_UNUSED_VARIABLE = YES;
				MACOSX_DEPLOYMENT_TARGET = 10.10;
				MTL_ENABLE_DEBUG_INFO = NO;
				SDKROOT = macosx;
			};
			name = Release;
		};
		724B66A21B0A80D100017A41 /* Debug */ = {
			isa = XCBuildConfiguration;
			buildSettings = {
				ASSETCATALOG_COMPILER_APPICON_NAME = AppIcon;
				COMBINE_HIDPI_IMAGES = YES;
				INFOPLIST_FILE = Lotto/Info.plist;
				LD_RUNPATH_SEARCH_PATHS = "$(inherited) @executable_path/../Frameworks";
				PRODUCT_NAME = "$(TARGET_NAME)";
			};
			name = Debug;
		};
		724B66A31B0A80D100017A41 /* Release */ = {
			isa = XCBuildConfiguration;
			buildSettings = {
				ASSETCATALOG_COMPILER_APPICON_NAME = AppIcon;
				COMBINE_HIDPI_IMAGES = YES;
				INFOPLIST_FILE = Lotto/Info.plist;
				LD_RUNPATH_SEARCH_PATHS = "$(inherited) @executable_path/../Frameworks";
				PRODUCT_NAME = "$(TARGET_NAME)";
			};
			name = Release;
		};
		724B66A51B0A80D100017A41 /* Debug */ = {
			isa = XCBuildConfiguration;
			buildSettings = {
				BUNDLE_LOADER = "$(TEST_HOST)";
				COMBINE_HIDPI_IMAGES = YES;
				FRAMEWORK_SEARCH_PATHS = (
					"$(DEVELOPER_FRAMEWORKS_DIR)",
					"$(inherited)",
				);
				GCC_PREPROCESSOR_DEFINITIONS = (
					"DEBUG=1",
					"$(inherited)",
				);
				INFOPLIST_FILE = LottoTests/Info.plist;
				LD_RUNPATH_SEARCH_PATHS = "$(inherited) @executable_path/../Frameworks @loader_path/../Frameworks";
				PRODUCT_NAME = "$(TARGET_NAME)";
				TEST_HOST = "$(BUILT_PRODUCTS_DIR)/Lotto.app/Contents/MacOS/Lotto";
			};
			name = Debug;
		};
		724B66A61B0A80D100017A41 /* Release */ = {
			isa = XCBuildConfiguration;
			buildSettings = {
				BUNDLE_LOADER = "$(TEST_HOST)";
				COMBINE_HIDPI_IMAGES = YES;
				FRAMEWORK_SEARCH_PATHS = (
					"$(DEVELOPER_FRAMEWORKS_DIR)",
					"$(inherited)",
				);
				INFOPLIST_FILE = LottoTests/Info.plist;
				LD_RUNPATH_SEARCH_PATHS = "$(inherited) @executable_path/../Frameworks @loader_path/../Frameworks";
				PRODUCT_NAME = "$(TARGET_NAME)";
				TEST_HOST = "$(BUILT_PRODUCTS_DIR)/Lotto.app/Contents/MacOS/Lotto";
			};
			name = Release;
		};
/* End XCBuildConfiguration section */

/* Begin XCConfigurationList section */
		724B66801B0A80D100017A41 /* Build configuration list for PBXProject "Lotto" */ = {
			isa = XCConfigurationList;
			buildConfigurations = (
				724B669F1B0A80D100017A41 /* Debug */,
				724B66A01B0A80D100017A41 /* Release */,
			);
			defaultConfigurationIsVisible = 0;
			defaultConfigurationName = Release;
		};
		724B66A11B0A80D100017A41 /* Build configuration list for PBXNativeTarget "Lotto" */ = {
			isa = XCConfigurationList;
			buildConfigurations = (
				724B66A21B0A80D100017A41 /* Debug */,
				724B66A31B0A80D100017A41 /* Release */,
			);
			defaultConfigurationIsVisible = 0;
		};
		724B66A41B0A80D100017A41 /* Build configuration list for PBXNativeTarget "LottoTests" */ = {
			isa = XCConfigurationList;
			buildConfigurations = (
				724B66A51B0A80D100017A41 /* Debug */,
				724B66A61B0A80D100017A41 /* Release */,
			);
			defaultConfigurationIsVisible = 0;
		};
/* End XCConfigurationList section */
	};
	rootObject = 724B667D1B0A80D100017A41 /* Project object */;
}
